// !$*UTF8*$!
{
	archiveVersion = 1;
	classes = {
	};
	objectVersion = 56;
	objects = {

/* Begin PBXBuildFile section */
		E177310229CF085C00B27669 /* AppDelegate.swift in Sources */ = {isa = PBXBuildFile; fileRef = E177310129CF085C00B27669 /* AppDelegate.swift */; };
		E177310429CF085C00B27669 /* SceneDelegate.swift in Sources */ = {isa = PBXBuildFile; fileRef = E177310329CF085C00B27669 /* SceneDelegate.swift */; };
		E177310629CF085C00B27669 /* PokemonListVC.swift in Sources */ = {isa = PBXBuildFile; fileRef = E177310529CF085C00B27669 /* PokemonListVC.swift */; };
		E177310929CF085C00B27669 /* Main.storyboard in Resources */ = {isa = PBXBuildFile; fileRef = E177310729CF085C00B27669 /* Main.storyboard */; };
		E177310B29CF085F00B27669 /* Assets.xcassets in Resources */ = {isa = PBXBuildFile; fileRef = E177310A29CF085F00B27669 /* Assets.xcassets */; };
		E177310E29CF085F00B27669 /* LaunchScreen.storyboard in Resources */ = {isa = PBXBuildFile; fileRef = E177310C29CF085F00B27669 /* LaunchScreen.storyboard */; };
		E177311829CF0B8900B27669 /* PokemonVC.swift in Sources */ = {isa = PBXBuildFile; fileRef = E177311729CF0B8900B27669 /* PokemonVC.swift */; };
		E177311B29CF0C0900B27669 /* pokeModel.swift in Sources */ = {isa = PBXBuildFile; fileRef = E177311A29CF0C0900B27669 /* pokeModel.swift */; };
		E177311F29CF17EA00B27669 /* APICaller.swift in Sources */ = {isa = PBXBuildFile; fileRef = E177311E29CF17EA00B27669 /* APICaller.swift */; };
/* End PBXBuildFile section */

/* Begin PBXFileReference section */
		E17730FE29CF085C00B27669 /* Pokedex.app */ = {isa = PBXFileReference; explicitFileType = wrapper.application; includeInIndex = 0; path = Pokedex.app; sourceTree = BUILT_PRODUCTS_DIR; };
		E177310129CF085C00B27669 /* AppDelegate.swift */ = {isa = PBXFileReference; lastKnownFileType = sourcecode.swift; path = AppDelegate.swift; sourceTree = "<group>"; };
		E177310329CF085C00B27669 /* SceneDelegate.swift */ = {isa = PBXFileReference; lastKnownFileType = sourcecode.swift; path = SceneDelegate.swift; sourceTree = "<group>"; };
		E177310529CF085C00B27669 /* PokemonListVC.swift */ = {isa = PBXFileReference; lastKnownFileType = sourcecode.swift; path = PokemonListVC.swift; sourceTree = "<group>"; };
		E177310829CF085C00B27669 /* Base */ = {isa = PBXFileReference; lastKnownFileType = file.storyboard; name = Base; path = Base.lproj/Main.storyboard; sourceTree = "<group>"; };
		E177310A29CF085F00B27669 /* Assets.xcassets */ = {isa = PBXFileReference; lastKnownFileType = folder.assetcatalog; path = Assets.xcassets; sourceTree = "<group>"; };
		E177310D29CF085F00B27669 /* Base */ = {isa = PBXFileReference; lastKnownFileType = file.storyboard; name = Base; path = Base.lproj/LaunchScreen.storyboard; sourceTree = "<group>"; };
		E177310F29CF085F00B27669 /* Info.plist */ = {isa = PBXFileReference; lastKnownFileType = text.plist.xml; path = Info.plist; sourceTree = "<group>"; };
		E177311729CF0B8900B27669 /* PokemonVC.swift */ = {isa = PBXFileReference; lastKnownFileType = sourcecode.swift; path = PokemonVC.swift; sourceTree = "<group>"; };
		E177311A29CF0C0900B27669 /* pokeModel.swift */ = {isa = PBXFileReference; lastKnownFileType = sourcecode.swift; path = pokeModel.swift; sourceTree = "<group>"; };
		E177311E29CF17EA00B27669 /* APICaller.swift */ = {isa = PBXFileReference; lastKnownFileType = sourcecode.swift; path = APICaller.swift; sourceTree = "<group>"; };
/* End PBXFileReference section */

/* Begin PBXFrameworksBuildPhase section */
		E17730FB29CF085C00B27669 /* Frameworks */ = {
			isa = PBXFrameworksBuildPhase;
			buildActionMask = 2147483647;
			files = (
			);
			runOnlyForDeploymentPostprocessing = 0;
		};
/* End PBXFrameworksBuildPhase section */

/* Begin PBXGroup section */
		E17730F529CF085C00B27669 = {
			isa = PBXGroup;
			children = (
				E177310029CF085C00B27669 /* Pokedex */,
				E17730FF29CF085C00B27669 /* Products */,
			);
			sourceTree = "<group>";
		};
		E17730FF29CF085C00B27669 /* Products */ = {
			isa = PBXGroup;
			children = (
				E17730FE29CF085C00B27669 /* Pokedex.app */,
			);
			name = Products;
			sourceTree = "<group>";
		};
		E177310029CF085C00B27669 /* Pokedex */ = {
			isa = PBXGroup;
			children = (
				E177311629CF08D300B27669 /* Misc */,
				E177311D29CF17CC00B27669 /* API Call */,
				E177311929CF0BE000B27669 /* Model */,
				E177311529CF08B300B27669 /* View */,
			);
			path = Pokedex;
			sourceTree = "<group>";
		};
		E177311529CF08B300B27669 /* View */ = {
			isa = PBXGroup;
			children = (
				E177310529CF085C00B27669 /* PokemonListVC.swift */,
				E177311729CF0B8900B27669 /* PokemonVC.swift */,
				E177310729CF085C00B27669 /* Main.storyboard */,
				E177310C29CF085F00B27669 /* LaunchScreen.storyboard */,
				E177310129CF085C00B27669 /* AppDelegate.swift */,
				E177310329CF085C00B27669 /* SceneDelegate.swift */,
			);
			path = View;
			sourceTree = "<group>";
		};
		E177311629CF08D300B27669 /* Misc */ = {
			isa = PBXGroup;
			children = (
				E177310F29CF085F00B27669 /* Info.plist */,
				E177310A29CF085F00B27669 /* Assets.xcassets */,
			);
			path = Misc;
			sourceTree = "<group>";
		};
		E177311929CF0BE000B27669 /* Model */ = {
			isa = PBXGroup;
			children = (
				E177311A29CF0C0900B27669 /* pokeModel.swift */,
			);
			path = Model;
			sourceTree = "<group>";
		};
		E177311D29CF17CC00B27669 /* API Call */ = {
			isa = PBXGroup;
			children = (
				E177311E29CF17EA00B27669 /* APICaller.swift */,
			);
			path = "API Call";
			sourceTree = "<group>";
		};
/* End PBXGroup section */

/* Begin PBXNativeTarget section */
		E17730FD29CF085C00B27669 /* Pokedex */ = {
			isa = PBXNativeTarget;
			buildConfigurationList = E177311229CF085F00B27669 /* Build configuration list for PBXNativeTarget "Pokedex" */;
			buildPhases = (
				E17730FA29CF085C00B27669 /* Sources */,
				E17730FB29CF085C00B27669 /* Frameworks */,
				E17730FC29CF085C00B27669 /* Resources */,
			);
			buildRules = (
			);
			dependencies = (
			);
			name = Pokedex;
			productName = Pokedex;
			productReference = E17730FE29CF085C00B27669 /* Pokedex.app */;
			productType = "com.apple.product-type.application";
		};
/* End PBXNativeTarget section */

/* Begin PBXProject section */
		E17730F629CF085C00B27669 /* Project object */ = {
			isa = PBXProject;
			attributes = {
				BuildIndependentTargetsInParallel = 1;
				LastSwiftUpdateCheck = 1400;
				LastUpgradeCheck = 1400;
				TargetAttributes = {
					E17730FD29CF085C00B27669 = {
						CreatedOnToolsVersion = 14.0;
					};
				};
			};
			buildConfigurationList = E17730F929CF085C00B27669 /* Build configuration list for PBXProject "Pokedex" */;
			compatibilityVersion = "Xcode 14.0";
			developmentRegion = en;
			hasScannedForEncodings = 0;
			knownRegions = (
				en,
				Base,
			);
			mainGroup = E17730F529CF085C00B27669;
			productRefGroup = E17730FF29CF085C00B27669 /* Products */;
			projectDirPath = "";
			projectRoot = "";
			targets = (
				E17730FD29CF085C00B27669 /* Pokedex */,
			);
		};
/* End PBXProject section */

/* Begin PBXResourcesBuildPhase section */
		E17730FC29CF085C00B27669 /* Resources */ = {
			isa = PBXResourcesBuildPhase;
			buildActionMask = 2147483647;
			files = (
				E177310E29CF085F00B27669 /* LaunchScreen.storyboard in Resources */,
				E177310B29CF085F00B27669 /* Assets.xcassets in Resources */,
				E177310929CF085C00B27669 /* Main.storyboard in Resources */,
			);
			runOnlyForDeploymentPostprocessing = 0;
		};
/* End PBXResourcesBuildPhase section */

/* Begin PBXSourcesBuildPhase section */
		E17730FA29CF085C00B27669 /* Sources */ = {
			isa = PBXSourcesBuildPhase;
			buildActionMask = 2147483647;
			files = (
				E177311829CF0B8900B27669 /* PokemonVC.swift in Sources */,
				E177311F29CF17EA00B27669 /* APICaller.swift in Sources */,
				E177311B29CF0C0900B27669 /* pokeModel.swift in Sources */,
				E177310629CF085C00B27669 /* PokemonListVC.swift in Sources */,
				E177310229CF085C00B27669 /* AppDelegate.swift in Sources */,
				E177310429CF085C00B27669 /* SceneDelegate.swift in Sources */,
			);
			runOnlyForDeploymentPostprocessing = 0;
		};
/* End PBXSourcesBuildPhase section */

/* Begin PBXVariantGroup section */
		E177310729CF085C00B27669 /* Main.storyboard */ = {
			isa = PBXVariantGroup;
			children = (
				E177310829CF085C00B27669 /* Base */,
			);
			name = Main.storyboard;
			sourceTree = "<group>";
		};
		E177310C29CF085F00B27669 /* LaunchScreen.storyboard */ = {
			isa = PBXVariantGroup;
			children = (
				E177310D29CF085F00B27669 /* Base */,
			);
			name = LaunchScreen.storyboard;
			sourceTree = "<group>";
		};
/* End PBXVariantGroup section */

/* Begin XCBuildConfiguration section */
		E177311029CF085F00B27669 /* Debug */ = {
			isa = XCBuildConfiguration;
			buildSettings = {
				ALWAYS_SEARCH_USER_PATHS = NO;
				CLANG_ANALYZER_NONNULL = YES;
				CLANG_ANALYZER_NUMBER_OBJECT_CONVERSION = YES_AGGRESSIVE;
				CLANG_CXX_LANGUAGE_STANDARD = "gnu++20";
				CLANG_ENABLE_MODULES = YES;
				CLANG_ENABLE_OBJC_ARC = YES;
				CLANG_ENABLE_OBJC_WEAK = YES;
				CLANG_WARN_BLOCK_CAPTURE_AUTORELEASING = YES;
				CLANG_WARN_BOOL_CONVERSION = YES;
				CLANG_WARN_COMMA = YES;
				CLANG_WARN_CONSTANT_CONVERSION = YES;
				CLANG_WARN_DEPRECATED_OBJC_IMPLEMENTATIONS = YES;
				CLANG_WARN_DIRECT_OBJC_ISA_USAGE = YES_ERROR;
				CLANG_WARN_DOCUMENTATION_COMMENTS = YES;
				CLANG_WARN_EMPTY_BODY = YES;
				CLANG_WARN_ENUM_CONVERSION = YES;
				CLANG_WARN_INFINITE_RECURSION = YES;
				CLANG_WARN_INT_CONVERSION = YES;
				CLANG_WARN_NON_LITERAL_NULL_CONVERSION = YES;
				CLANG_WARN_OBJC_IMPLICIT_RETAIN_SELF = YES;
				CLANG_WARN_OBJC_LITERAL_CONVERSION = YES;
				CLANG_WARN_OBJC_ROOT_CLASS = YES_ERROR;
				CLANG_WARN_QUOTED_INCLUDE_IN_FRAMEWORK_HEADER = YES;
				CLANG_WARN_RANGE_LOOP_ANALYSIS = YES;
				CLANG_WARN_STRICT_PROTOTYPES = YES;
				CLANG_WARN_SUSPICIOUS_MOVE = YES;
				CLANG_WARN_UNGUARDED_AVAILABILITY = YES_AGGRESSIVE;
				CLANG_WARN_UNREACHABLE_CODE = YES;
				CLANG_WARN__DUPLICATE_METHOD_MATCH = YES;
				COPY_PHASE_STRIP = NO;
				DEBUG_INFORMATION_FORMAT = dwarf;
				ENABLE_STRICT_OBJC_MSGSEND = YES;
				ENABLE_TESTABILITY = YES;
				GCC_C_LANGUAGE_STANDARD = gnu11;
				GCC_DYNAMIC_NO_PIC = NO;
				GCC_NO_COMMON_BLOCKS = YES;
				GCC_OPTIMIZATION_LEVEL = 0;
				GCC_PREPROCESSOR_DEFINITIONS = (
					"DEBUG=1",
					"$(inherited)",
				);
				GCC_WARN_64_TO_32_BIT_CONVERSION = YES;
				GCC_WARN_ABOUT_RETURN_TYPE = YES_ERROR;
				GCC_WARN_UNDECLARED_SELECTOR = YES;
				GCC_WARN_UNINITIALIZED_AUTOS = YES_AGGRESSIVE;
				GCC_WARN_UNUSED_FUNCTION = YES;
				GCC_WARN_UNUSED_VARIABLE = YES;
				IPHONEOS_DEPLOYMENT_TARGET = 16.0;
				MTL_ENABLE_DEBUG_INFO = INCLUDE_SOURCE;
				MTL_FAST_MATH = YES;
				ONLY_ACTIVE_ARCH = YES;
				SDKROOT = iphoneos;
				SWIFT_ACTIVE_COMPILATION_CONDITIONS = DEBUG;
				SWIFT_OPTIMIZATION_LEVEL = "-Onone";
			};
			name = Debug;
		};
		E177311129CF085F00B27669 /* Release */ = {
			isa = XCBuildConfiguration;
			buildSettings = {
				ALWAYS_SEARCH_USER_PATHS = NO;
				CLANG_ANALYZER_NONNULL = YES;
				CLANG_ANALYZER_NUMBER_OBJECT_CONVERSION = YES_AGGRESSIVE;
				CLANG_CXX_LANGUAGE_STANDARD = "gnu++20";
				CLANG_ENABLE_MODULES = YES;
				CLANG_ENABLE_OBJC_ARC = YES;
				CLANG_ENABLE_OBJC_WEAK = YES;
				CLANG_WARN_BLOCK_CAPTURE_AUTORELEASING = YES;
				CLANG_WARN_BOOL_CONVERSION = YES;
				CLANG_WARN_COMMA = YES;
				CLANG_WARN_CONSTANT_CONVERSION = YES;
				CLANG_WARN_DEPRECATED_OBJC_IMPLEMENTATIONS = YES;
				CLANG_WARN_DIRECT_OBJC_ISA_USAGE = YES_ERROR;
				CLANG_WARN_DOCUMENTATION_COMMENTS = YES;
				CLANG_WARN_EMPTY_BODY = YES;
				CLANG_WARN_ENUM_CONVERSION = YES;
				CLANG_WARN_INFINITE_RECURSION = YES;
				CLANG_WARN_INT_CONVERSION = YES;
				CLANG_WARN_NON_LITERAL_NULL_CONVERSION = YES;
				CLANG_WARN_OBJC_IMPLICIT_RETAIN_SELF = YES;
				CLANG_WARN_OBJC_LITERAL_CONVERSION = YES;
				CLANG_WARN_OBJC_ROOT_CLASS = YES_ERROR;
				CLANG_WARN_QUOTED_INCLUDE_IN_FRAMEWORK_HEADER = YES;
				CLANG_WARN_RANGE_LOOP_ANALYSIS = YES;
				CLANG_WARN_STRICT_PROTOTYPES = YES;
				CLANG_WARN_SUSPICIOUS_MOVE = YES;
				CLANG_WARN_UNGUARDED_AVAILABILITY = YES_AGGRESSIVE;
				CLANG_WARN_UNREACHABLE_CODE = YES;
				CLANG_WARN__DUPLICATE_METHOD_MATCH = YES;
				COPY_PHASE_STRIP = NO;
				DEBUG_INFORMATION_FORMAT = "dwarf-with-dsym";
				ENABLE_NS_ASSERTIONS = NO;
				ENABLE_STRICT_OBJC_MSGSEND = YES;
				GCC_C_LANGUAGE_STANDARD = gnu11;
				GCC_NO_COMMON_BLOCKS = YES;
				GCC_WARN_64_TO_32_BIT_CONVERSION = YES;
				GCC_WARN_ABOUT_RETURN_TYPE = YES_ERROR;
				GCC_WARN_UNDECLARED_SELECTOR = YES;
				GCC_WARN_UNINITIALIZED_AUTOS = YES_AGGRESSIVE;
				GCC_WARN_UNUSED_FUNCTION = YES;
				GCC_WARN_UNUSED_VARIABLE = YES;
				IPHONEOS_DEPLOYMENT_TARGET = 16.0;
				MTL_ENABLE_DEBUG_INFO = NO;
				MTL_FAST_MATH = YES;
				SDKROOT = iphoneos;
				SWIFT_COMPILATION_MODE = wholemodule;
				SWIFT_OPTIMIZATION_LEVEL = "-O";
				VALIDATE_PRODUCT = YES;
			};
			name = Release;
		};
		E177311329CF085F00B27669 /* Debug */ = {
			isa = XCBuildConfiguration;
			buildSettings = {
				ASSETCATALOG_COMPILER_APPICON_NAME = AppIcon;
				ASSETCATALOG_COMPILER_GLOBAL_ACCENT_COLOR_NAME = AccentColor;
				CODE_SIGN_STYLE = Automatic;
				CURRENT_PROJECT_VERSION = 1;
				DEVELOPMENT_TEAM = H2XFH58KK6;
				GENERATE_INFOPLIST_FILE = YES;
				INFOPLIST_FILE = Pokedex/Misc/Info.plist;
				INFOPLIST_KEY_UIApplicationSupportsIndirectInputEvents = YES;
				INFOPLIST_KEY_UILaunchStoryboardName = LaunchScreen;
				INFOPLIST_KEY_UIMainStoryboardFile = Main;
				INFOPLIST_KEY_UISupportedInterfaceOrientations_iPad = "UIInterfaceOrientationPortrait UIInterfaceOrientationPortraitUpsideDown UIInterfaceOrientationLandscapeLeft UIInterfaceOrientationLandscapeRight";
				INFOPLIST_KEY_UISupportedInterfaceOrientations_iPhone = "UIInterfaceOrientationPortrait UIInterfaceOrientationLandscapeLeft UIInterfaceOrientationLandscapeRight";
				LD_RUNPATH_SEARCH_PATHS = (
					"$(inherited)",
					"@executable_path/Frameworks",
				);
				MARKETING_VERSION = 1.0;
				PRODUCT_BUNDLE_IDENTIFIER = com.ekremyalcin.Pokedex;
				PRODUCT_NAME = "$(TARGET_NAME)";
				SWIFT_EMIT_LOC_STRINGS = YES;
				SWIFT_VERSION = 5.0;
				TARGETED_DEVICE_FAMILY = "1,2";
			};
			name = Debug;
		};
		E177311429CF085F00B27669 /* Release */ = {
			isa = XCBuildConfiguration;
			buildSettings = {
				ASSETCATALOG_COMPILER_APPICON_NAME = AppIcon;
				ASSETCATALOG_COMPILER_GLOBAL_ACCENT_COLOR_NAME = AccentColor;
				CODE_SIGN_STYLE = Automatic;
				CURRENT_PROJECT_VERSION = 1;
				DEVELOPMENT_TEAM = H2XFH58KK6;
				GENERATE_INFOPLIST_FILE = YES;
				INFOPLIST_FILE = Pokedex/Misc/Info.plist;
				INFOPLIST_KEY_UIApplicationSupportsIndirectInputEvents = YES;
				INFOPLIST_KEY_UILaunchStoryboardName = LaunchScreen;
				INFOPLIST_KEY_UIMainStoryboardFile = Main;
				INFOPLIST_KEY_UISupportedInterfaceOrientations_iPad = "UIInterfaceOrientationPortrait UIInterfaceOrientationPortraitUpsideDown UIInterfaceOrientationLandscapeLeft UIInterfaceOrientationLandscapeRight";
				INFOPLIST_KEY_UISupportedInterfaceOrientations_iPhone = "UIInterfaceOrientationPortrait UIInterfaceOrientationLandscapeLeft UIInterfaceOrientationLandscapeRight";
				LD_RUNPATH_SEARCH_PATHS = (
					"$(inherited)",
					"@executable_path/Frameworks",
				);
				MARKETING_VERSION = 1.0;
				PRODUCT_BUNDLE_IDENTIFIER = com.ekremyalcin.Pokedex;
				PRODUCT_NAME = "$(TARGET_NAME)";
				SWIFT_EMIT_LOC_STRINGS = YES;
				SWIFT_VERSION = 5.0;
				TARGETED_DEVICE_FAMILY = "1,2";
			};
			name = Release;
		};
/* End XCBuildConfiguration section */

/* Begin XCConfigurationList section */
		E17730F929CF085C00B27669 /* Build configuration list for PBXProject "Pokedex" */ = {
			isa = XCConfigurationList;
			buildConfigurations = (
				E177311029CF085F00B27669 /* Debug */,
				E177311129CF085F00B27669 /* Release */,
			);
			defaultConfigurationIsVisible = 0;
			defaultConfigurationName = Release;
		};
		E177311229CF085F00B27669 /* Build configuration list for PBXNativeTarget "Pokedex" */ = {
			isa = XCConfigurationList;
			buildConfigurations = (
				E177311329CF085F00B27669 /* Debug */,
				E177311429CF085F00B27669 /* Release */,
			);
			defaultConfigurationIsVisible = 0;
			defaultConfigurationName = Release;
		};
/* End XCConfigurationList section */
	};
	rootObject = E17730F629CF085C00B27669 /* Project object */;
}
